
Microsoft Visual Studio Solution File, Format Version 12.00
# Visual Studio Version 17
VisualStudioVersion = 17.13.35818.85 d17.13
MinimumVisualStudioVersion = 10.0.40219.1
Project("{FAE04EC0-301F-11D3-BF4B-00C04F79EFBC}") = "Decorator", "Decorator.csproj", "{121B9A08-ABC0-4012-B384-EBE76AFB03EA}"
EndProject
Project("{FAE04EC0-301F-11D3-BF4B-00C04F79EFBC}") = "ClassLibrary", "..\ClassLibrary\ClassLibrary.csproj", "{ED349049-7D3F-4A33-824F-CEDEA8D744E5}"
EndProject
Global
	GlobalSection(SolutionConfigurationPlatforms) = preSolution
		Debug|Any CPU = Debug|Any CPU
		Release|Any CPU = Release|Any CPU
	EndGlobalSection
	GlobalSection(ProjectConfigurationPlatforms) = postSolution
		{121B9A08-ABC0-4012-B384-EBE76AFB03EA}.Debug|Any CPU.ActiveCfg = Debug|Any CPU
		{121B9A08-ABC0-4012-B384-EBE76AFB03EA}.Debug|Any CPU.Build.0 = Debug|Any CPU
		{121B9A08-ABC0-4012-B384-EBE76AFB03EA}.Release|Any CPU.ActiveCfg = Release|Any CPU
		{121B9A08-ABC0-4012-B384-EBE76AFB03EA}.Release|Any CPU.Build.0 = Release|Any CPU
		{ED349049-7D3F-4A33-824F-CEDEA8D744E5}.Debug|Any CPU.ActiveCfg = Debug|Any CPU
		{ED349049-7D3F-4A33-824F-CEDEA8D744E5}.Debug|Any CPU.Build.0 = Debug|Any CPU
		{ED349049-7D3F-4A33-824F-CEDEA8D744E5}.Release|Any CPU.ActiveCfg = Release|Any CPU
		{ED349049-7D3F-4A33-824F-CEDEA8D744E5}.Release|Any CPU.Build.0 = Release|Any CPU
	EndGlobalSection
	GlobalSection(SolutionProperties) = preSolution
		HideSolutionNode = FALSE
	EndGlobalSection
	GlobalSection(ExtensibilityGlobals) = postSolution
		SolutionGuid = {370000BF-5008-4D2E-94AC-C944B334B006}
	EndGlobalSection
EndGlobal
