
Microsoft Visual Studio Solution File, Format Version 12.00
# Visual Studio Version 17
VisualStudioVersion = 17.13.35818.85 d17.13
MinimumVisualStudioVersion = 10.0.40219.1
Project("{FAE04EC0-301F-11D3-BF4B-00C04F79EFBC}") = "Program", "Program.csproj", "{547AA75F-9FF3-49E4-8A4A-728A9CFF16A2}"
EndProject
Project("{FAE04EC0-301F-11D3-BF4B-00C04F79EFBC}") = "ClassLibrary1", "..\ClassLibrary1\ClassLibrary1.csproj", "{9EBBA3E4-042D-45DF-A554-64EFDC9828A3}"
EndProject
Global
	GlobalSection(SolutionConfigurationPlatforms) = preSolution
		Debug|Any CPU = Debug|Any CPU
		Release|Any CPU = Release|Any CPU
	EndGlobalSection
	GlobalSection(ProjectConfigurationPlatforms) = postSolution
		{547AA75F-9FF3-49E4-8A4A-728A9CFF16A2}.Debug|Any CPU.ActiveCfg = Debug|Any CPU
		{547AA75F-9FF3-49E4-8A4A-728A9CFF16A2}.Debug|Any CPU.Build.0 = Debug|Any CPU
		{547AA75F-9FF3-49E4-8A4A-728A9CFF16A2}.Release|Any CPU.ActiveCfg = Release|Any CPU
		{547AA75F-9FF3-49E4-8A4A-728A9CFF16A2}.Release|Any CPU.Build.0 = Release|Any CPU
		{9EBBA3E4-042D-45DF-A554-64EFDC9828A3}.Debug|Any CPU.ActiveCfg = Debug|Any CPU
		{9EBBA3E4-042D-45DF-A554-64EFDC9828A3}.Debug|Any CPU.Build.0 = Debug|Any CPU
		{9EBBA3E4-042D-45DF-A554-64EFDC9828A3}.Release|Any CPU.ActiveCfg = Release|Any CPU
		{9EBBA3E4-042D-45DF-A554-64EFDC9828A3}.Release|Any CPU.Build.0 = Release|Any CPU
	EndGlobalSection
	GlobalSection(SolutionProperties) = preSolution
		HideSolutionNode = FALSE
	EndGlobalSection
	GlobalSection(ExtensibilityGlobals) = postSolution
		SolutionGuid = {40918097-7409-4609-B51A-7967DDDD5D67}
	EndGlobalSection
EndGlobal
